
Microsoft Visual Studio Solution File, Format Version 12.00
# Visual Studio Version 17
VisualStudioVersion = 17.14.36221.1
MinimumVisualStudioVersion = 10.0.40219.1
Project("{FAE04EC0-301F-11D3-BF4B-00C04F79EFBC}") = "PMAlign", "WindowsFormsApp3\PMAlign.csproj", "{8B5A993E-7B10-4D83-B552-48103EDB88D0}"
EndProject
Project("{FAE04EC0-301F-11D3-BF4B-00C04F79EFBC}") = "ALTcontroller", "t1\ALTcontroller.csproj", "{ECE80B5F-F51B-498C-BDD8-800B02A86318}"
EndProject
Global
	GlobalSection(SolutionConfigurationPlatforms) = preSolution
		Debug|Any CPU = Debug|Any CPU
		Release|Any CPU = Release|Any CPU
	EndGlobalSection
	GlobalSection(ProjectConfigurationPlatforms) = postSolution
		{8B5A993E-7B10-4D83-B552-48103EDB88D0}.Debug|Any CPU.ActiveCfg = Debug|Any CPU
		{8B5A993E-7B10-4D83-B552-48103EDB88D0}.Debug|Any CPU.Build.0 = Debug|Any CPU
		{8B5A993E-7B10-4D83-B552-48103EDB88D0}.Release|Any CPU.ActiveCfg = Release|Any CPU
		{8B5A993E-7B10-4D83-B552-48103EDB88D0}.Release|Any CPU.Build.0 = Release|Any CPU
		{ECE80B5F-F51B-498C-BDD8-800B02A86318}.Debug|Any CPU.ActiveCfg = Debug|Any CPU
		{ECE80B5F-F51B-498C-BDD8-800B02A86318}.Debug|Any CPU.Build.0 = Debug|Any CPU
		{ECE80B5F-F51B-498C-BDD8-800B02A86318}.Release|Any CPU.ActiveCfg = Release|Any CPU
		{ECE80B5F-F51B-498C-BDD8-800B02A86318}.Release|Any CPU.Build.0 = Release|Any CPU
	EndGlobalSection
	GlobalSection(SolutionProperties) = preSolution
		HideSolutionNode = FALSE
	EndGlobalSection
	GlobalSection(ExtensibilityGlobals) = postSolution
		SolutionGuid = {FDE528E1-EB10-472A-B3B7-CF0315F121D7}
	EndGlobalSection
EndGlobal
